
Microsoft Visual Studio Solution File, Format Version 12.00
# Visual Studio Version 17
VisualStudioVersion = 17.5.33414.496
MinimumVisualStudioVersion = 10.0.40219.1
Project("{FAE04EC0-301F-11D3-BF4B-00C04F79EFBC}") = "StoreInventory", "StoreInventory\StoreInventory.csproj", "{334804E5-8D2C-474C-BBC7-AB5F5BB8E08C}"
EndProject
Project("{FAE04EC0-301F-11D3-BF4B-00C04F79EFBC}") = "DataSource", "..\DataSource\DataSource\DataSource.csproj", "{3A6E5506-F71C-4CE4-A63C-24999A7E0A34}"
EndProject
Global
	GlobalSection(SolutionConfigurationPlatforms) = preSolution
		Debug|Any CPU = Debug|Any CPU
		Release|Any CPU = Release|Any CPU
	EndGlobalSection
	GlobalSection(ProjectConfigurationPlatforms) = postSolution
		{334804E5-8D2C-474C-BBC7-AB5F5BB8E08C}.Debug|Any CPU.ActiveCfg = Debug|Any CPU
		{334804E5-8D2C-474C-BBC7-AB5F5BB8E08C}.Debug|Any CPU.Build.0 = Debug|Any CPU
		{334804E5-8D2C-474C-BBC7-AB5F5BB8E08C}.Release|Any CPU.ActiveCfg = Release|Any CPU
		{334804E5-8D2C-474C-BBC7-AB5F5BB8E08C}.Release|Any CPU.Build.0 = Release|Any CPU
		{3A6E5506-F71C-4CE4-A63C-24999A7E0A34}.Debug|Any CPU.ActiveCfg = Debug|Any CPU
		{3A6E5506-F71C-4CE4-A63C-24999A7E0A34}.Debug|Any CPU.Build.0 = Debug|Any CPU
		{3A6E5506-F71C-4CE4-A63C-24999A7E0A34}.Release|Any CPU.ActiveCfg = Release|Any CPU
		{3A6E5506-F71C-4CE4-A63C-24999A7E0A34}.Release|Any CPU.Build.0 = Release|Any CPU
	EndGlobalSection
	GlobalSection(SolutionProperties) = preSolution
		HideSolutionNode = FALSE
	EndGlobalSection
	GlobalSection(ExtensibilityGlobals) = postSolution
		SolutionGuid = {C1C1405B-908B-44D7-9BF6-96390CCB4AAF}
	EndGlobalSection
EndGlobal
